// !$*UTF8*$!
{
	archiveVersion = 1;
	classes = {
	};
	objectVersion = 77;
	objects = {

/* Begin PBXBuildFile section */
		4737EAF12F626EB9007AAA72 /* GoogleGenerativeAI in Frameworks */ = {isa = PBXBuildFile; productRef = 4737EAF02F626EB9007AAA72 /* GoogleGenerativeAI */; };
		4764D6882F461B060046B5A5 /* QuizView.swift in Sources */ = {isa = PBXBuildFile; fileRef = 4764D66C2F3DC4050046B5A5 /* QuizView.swift */; };
		4764D6892F461B060046B5A5 /* QuizViewModel.swift in Sources */ = {isa = PBXBuildFile; fileRef = 4764D6592F3DBE520046B5A5 /* QuizViewModel.swift */; };
		4764D68A2F461B060046B5A5 /* Word.swift in Sources */ = {isa = PBXBuildFile; fileRef = 4764D6522F3AFBF90046B5A5 /* Word.swift */; };
		4764D68B2F461B060046B5A5 /* WordViewModel.swift in Sources */ = {isa = PBXBuildFile; fileRef = 4764D6502F3AFBCE0046B5A5 /* WordViewModel.swift */; };
		476C07CD2F626AC700B743CD /* FirebaseFirestore in Frameworks */ = {isa = PBXBuildFile; productRef = 476C07CC2F626AC700B743CD /* FirebaseFirestore */; };
		4778A4BB2F62A4F70097CCB1 /* Bundle+Extension.swift in Sources */ = {isa = PBXBuildFile; fileRef = 4778A4B32F62A4F70097CCB1 /* Bundle+Extension.swift */; };
		4778A4BC2F62A4F70097CCB1 /* Constants.swift in Sources */ = {isa = PBXBuildFile; fileRef = 4778A4B42F62A4F70097CCB1 /* Constants.swift */; };
		4778A4C22F62A4F70097CCB1 /* Assets.xcassets in Resources */ = {isa = PBXBuildFile; fileRef = 4778A4B22F62A4F70097CCB1 /* Assets.xcassets */; };
		4778A4C32F62A4F70097CCB1 /* GoogleService-Info.plist in Resources */ = {isa = PBXBuildFile; fileRef = 4778A4B62F62A4F70097CCB1 /* GoogleService-Info.plist */; };
		4778A4C42F62A4F70097CCB1 /* Secrets.plist in Resources */ = {isa = PBXBuildFile; fileRef = 4778A4B82F62A4F70097CCB1 /* Secrets.plist */; };
		4778A4D52F63FB680097CCB1 /* CameraManager.swift in Sources */ = {isa = PBXBuildFile; fileRef = 4778A4CD2F63F55F0097CCB1 /* CameraManager.swift */; };
		4778A4D62F63FB6B0097CCB1 /* CameraPreview.swift in Sources */ = {isa = PBXBuildFile; fileRef = 4778A4CC2F63F54E0097CCB1 /* CameraPreview.swift */; };
		4778A4D72F63FC160097CCB1 /* MainCameraView.swift in Sources */ = {isa = PBXBuildFile; fileRef = 4778A4CE2F63F5780097CCB1 /* MainCameraView.swift */; };
		4778A4E82F67A1410097CCB1 /* LocationManager.swift in Sources */ = {isa = PBXBuildFile; fileRef = 4778A4E72F67A0BF0097CCB1 /* LocationManager.swift */; };
		4778A4EB2F68E1D60097CCB1 /* ARViewModel.swift in Sources */ = {isa = PBXBuildFile; fileRef = 4778A4EA2F68DE4D0097CCB1 /* ARViewModel.swift */; };
		47BCAE4E2F6103580003E3CB /* WordRepository.swift in Sources */ = {isa = PBXBuildFile; fileRef = 47BCAE3A2F5FBE200003E3CB /* WordRepository.swift */; };
/* End PBXBuildFile section */

/* Begin PBXContainerItemProxy section */
		470C20502F49A417004337BF /* PBXContainerItemProxy */ = {
			isa = PBXContainerItemProxy;
			containerPortal = 4718C57F2F3594E20041E7E9 /* Project object */;
			proxyType = 1;
			remoteGlobalIDString = 4718C5862F3594E20041E7E9;
			remoteInfo = LearningUI;
		};
/* End PBXContainerItemProxy section */

/* Begin PBXFileReference section */
		470C204C2F49A417004337BF /* LearningUITests.xctest */ = {isa = PBXFileReference; explicitFileType = wrapper.cfbundle; includeInIndex = 0; path = LearningUITests.xctest; sourceTree = BUILT_PRODUCTS_DIR; };
		4718C5872F3594E20041E7E9 /* LearningUI.app */ = {isa = PBXFileReference; explicitFileType = wrapper.application; includeInIndex = 0; path = LearningUI.app; sourceTree = BUILT_PRODUCTS_DIR; };
		4764D6502F3AFBCE0046B5A5 /* WordViewModel.swift */ = {isa = PBXFileReference; lastKnownFileType = sourcecode.swift; path = WordViewModel.swift; sourceTree = "<group>"; };
		4764D6522F3AFBF90046B5A5 /* Word.swift */ = {isa = PBXFileReference; lastKnownFileType = sourcecode.swift; path = Word.swift; sourceTree = "<group>"; };
		4764D6592F3DBE520046B5A5 /* QuizViewModel.swift */ = {isa = PBXFileReference; lastKnownFileType = sourcecode.swift; path = QuizViewModel.swift; sourceTree = "<group>"; };
		4764D66C2F3DC4050046B5A5 /* QuizView.swift */ = {isa = PBXFileReference; lastKnownFileType = sourcecode.swift; path = QuizView.swift; sourceTree = "<group>"; };
		4778A4B22F62A4F70097CCB1 /* Assets.xcassets */ = {isa = PBXFileReference; lastKnownFileType = folder.assetcatalog; path = Assets.xcassets; sourceTree = "<group>"; };
		4778A4B32F62A4F70097CCB1 /* Bundle+Extension.swift */ = {isa = PBXFileReference; lastKnownFileType = sourcecode.swift; path = "Bundle+Extension.swift"; sourceTree = "<group>"; };
		4778A4B42F62A4F70097CCB1 /* Constants.swift */ = {isa = PBXFileReference; lastKnownFileType = sourcecode.swift; path = Constants.swift; sourceTree = "<group>"; };
		4778A4B62F62A4F70097CCB1 /* GoogleService-Info.plist */ = {isa = PBXFileReference; lastKnownFileType = text.plist.xml; path = "GoogleService-Info.plist"; sourceTree = "<group>"; };
		4778A4B82F62A4F70097CCB1 /* Secrets.plist */ = {isa = PBXFileReference; explicitFileType = text.plist.xml; path = Secrets.plist; sourceTree = "<group>"; };
		4778A4CC2F63F54E0097CCB1 /* CameraPreview.swift */ = {isa = PBXFileReference; lastKnownFileType = sourcecode.swift; path = CameraPreview.swift; sourceTree = "<group>"; };
		4778A4CD2F63F55F0097CCB1 /* CameraManager.swift */ = {isa = PBXFileReference; lastKnownFileType = sourcecode.swift; path = CameraManager.swift; sourceTree = "<group>"; };
		4778A4CE2F63F5780097CCB1 /* MainCameraView.swift */ = {isa = PBXFileReference; lastKnownFileType = sourcecode.swift; path = MainCameraView.swift; sourceTree = "<group>"; };
		4778A4E72F67A0BF0097CCB1 /* LocationManager.swift */ = {isa = PBXFileReference; lastKnownFileType = sourcecode.swift; path = LocationManager.swift; sourceTree = "<group>"; };
		4778A4EA2F68DE4D0097CCB1 /* ARViewModel.swift */ = {isa = PBXFileReference; lastKnownFileType = sourcecode.swift; path = ARViewModel.swift; sourceTree = "<group>"; };
		47BCAE3A2F5FBE200003E3CB /* WordRepository.swift */ = {isa = PBXFileReference; lastKnownFileType = sourcecode.swift; path = WordRepository.swift; sourceTree = "<group>"; };
/* End PBXFileReference section */

/* Begin PBXFileSystemSynchronizedRootGroup section */
		470C204D2F49A417004337BF /* LearningUITests */ = {
			isa = PBXFileSystemSynchronizedRootGroup;
			path = LearningUITests;
			sourceTree = "<group>";
		};
		4718C5892F3594E20041E7E9 /* LearningUI */ = {
			isa = PBXFileSystemSynchronizedRootGroup;
			path = LearningUI;
			sourceTree = "<group>";
		};
/* End PBXFileSystemSynchronizedRootGroup section */

/* Begin PBXFrameworksBuildPhase section */
		470C20492F49A417004337BF /* Frameworks */ = {
			isa = PBXFrameworksBuildPhase;
			buildActionMask = 2147483647;
			files = (
			);
			runOnlyForDeploymentPostprocessing = 0;
		};
		4718C5842F3594E20041E7E9 /* Frameworks */ = {
			isa = PBXFrameworksBuildPhase;
			buildActionMask = 2147483647;
			files = (
				476C07CD2F626AC700B743CD /* FirebaseFirestore in Frameworks */,
				4737EAF12F626EB9007AAA72 /* GoogleGenerativeAI in Frameworks */,
			);
			runOnlyForDeploymentPostprocessing = 0;
		};
/* End PBXFrameworksBuildPhase section */

/* Begin PBXGroup section */
		4718C57E2F3594E20041E7E9 = {
			isa = PBXGroup;
			children = (
				4778A4E92F68DE450097CCB1 /* AR */,
				4778A4E62F67A0B60097CCB1 /* Locat */,
				4778A4D22F63F6060097CCB1 /* etcs */,
				4778A4D12F63F5AC0097CCB1 /* Word */,
				4778A4CF2F63F58E0097CCB1 /* Quiz */,
				4778A4CB2F63F5470097CCB1 /* Camera */,
				4740F1EE2F5FBD1E00653008 /* Firebase */,
				4718C5892F3594E20041E7E9 /* LearningUI */,
				470C204D2F49A417004337BF /* LearningUITests */,
				47BCAE9F2F6267660003E3CB /* Frameworks */,
				4718C5882F3594E20041E7E9 /* Products */,
			);
			sourceTree = "<group>";
		};
		4718C5882F3594E20041E7E9 /* Products */ = {
			isa = PBXGroup;
			children = (
				4718C5872F3594E20041E7E9 /* LearningUI.app */,
				470C204C2F49A417004337BF /* LearningUITests.xctest */,
			);
			name = Products;
			sourceTree = "<group>";
		};
		4740F1EE2F5FBD1E00653008 /* Firebase */ = {
			isa = PBXGroup;
			children = (
				47BCAE3A2F5FBE200003E3CB /* WordRepository.swift */,
			);
			path = Firebase;
			sourceTree = "<group>";
		};
		4778A4CB2F63F5470097CCB1 /* Camera */ = {
			isa = PBXGroup;
			children = (
				4778A4CE2F63F5780097CCB1 /* MainCameraView.swift */,
				4778A4CD2F63F55F0097CCB1 /* CameraManager.swift */,
				4778A4CC2F63F54E0097CCB1 /* CameraPreview.swift */,
			);
			path = Camera;
			sourceTree = "<group>";
		};
		4778A4CF2F63F58E0097CCB1 /* Quiz */ = {
			isa = PBXGroup;
			children = (
				4764D66C2F3DC4050046B5A5 /* QuizView.swift */,
				4764D6592F3DBE520046B5A5 /* QuizViewModel.swift */,
			);
			path = Quiz;
			sourceTree = "<group>";
		};
		4778A4D12F63F5AC0097CCB1 /* Word */ = {
			isa = PBXGroup;
			children = (
				4764D6522F3AFBF90046B5A5 /* Word.swift */,
				4764D6502F3AFBCE0046B5A5 /* WordViewModel.swift */,
			);
			path = Word;
			sourceTree = "<group>";
		};
		4778A4D22F63F6060097CCB1 /* etcs */ = {
			isa = PBXGroup;
			children = (
				4778A4B42F62A4F70097CCB1 /* Constants.swift */,
				4778A4B32F62A4F70097CCB1 /* Bundle+Extension.swift */,
				4778A4B82F62A4F70097CCB1 /* Secrets.plist */,
				4778A4B62F62A4F70097CCB1 /* GoogleService-Info.plist */,
				4778A4B22F62A4F70097CCB1 /* Assets.xcassets */,
			);
			path = etcs;
			sourceTree = "<group>";
		};
		4778A4E62F67A0B60097CCB1 /* Locat */ = {
			isa = PBXGroup;
			children = (
				4778A4E72F67A0BF0097CCB1 /* LocationManager.swift */,
			);
			path = Locat;
			sourceTree = "<group>";
		};
		4778A4E92F68DE450097CCB1 /* AR */ = {
			isa = PBXGroup;
			children = (
				4778A4EA2F68DE4D0097CCB1 /* ARViewModel.swift */,
			);
			path = AR;
			sourceTree = "<group>";
		};
		47BCAE9F2F6267660003E3CB /* Frameworks */ = {
			isa = PBXGroup;
			children = (
			);
			name = Frameworks;
			sourceTree = "<group>";
		};
/* End PBXGroup section */

/* Begin PBXNativeTarget section */
		470C204B2F49A417004337BF /* LearningUITests */ = {
			isa = PBXNativeTarget;
			buildConfigurationList = 470C20522F49A417004337BF /* Build configuration list for PBXNativeTarget "LearningUITests" */;
			buildPhases = (
				470C20482F49A417004337BF /* Sources */,
				470C20492F49A417004337BF /* Frameworks */,
				470C204A2F49A417004337BF /* Resources */,
			);
			buildRules = (
			);
			dependencies = (
				470C20512F49A417004337BF /* PBXTargetDependency */,
			);
			fileSystemSynchronizedGroups = (
				470C204D2F49A417004337BF /* LearningUITests */,
			);
			name = LearningUITests;
			packageProductDependencies = (
			);
			productName = LearningUITests;
			productReference = 470C204C2F49A417004337BF /* LearningUITests.xctest */;
			productType = "com.apple.product-type.bundle.unit-test";
		};
		4718C5862F3594E20041E7E9 /* LearningUI */ = {
			isa = PBXNativeTarget;
			buildConfigurationList = 4718C5922F3594E30041E7E9 /* Build configuration list for PBXNativeTarget "LearningUI" */;
			buildPhases = (
				4718C5842F3594E20041E7E9 /* Frameworks */,
				4718C5852F3594E20041E7E9 /* Resources */,
				4764D6832F461AE10046B5A5 /* Sources */,
			);
			buildRules = (
			);
			dependencies = (
			);
			fileSystemSynchronizedGroups = (
				4718C5892F3594E20041E7E9 /* LearningUI */,
			);
			name = LearningUI;
			packageProductDependencies = (
				476C07CC2F626AC700B743CD /* FirebaseFirestore */,
				4737EAF02F626EB9007AAA72 /* GoogleGenerativeAI */,
			);
			productName = LearningUI;
			productReference = 4718C5872F3594E20041E7E9 /* LearningUI.app */;
			productType = "com.apple.product-type.application";
		};
/* End PBXNativeTarget section */

/* Begin PBXProject section */
		4718C57F2F3594E20041E7E9 /* Project object */ = {
			isa = PBXProject;
			attributes = {
				BuildIndependentTargetsInParallel = 1;
				LastSwiftUpdateCheck = 2600;
				LastUpgradeCheck = 2600;
				TargetAttributes = {
					470C204B2F49A417004337BF = {
						CreatedOnToolsVersion = 26.0.1;
						TestTargetID = 4718C5862F3594E20041E7E9;
					};
					4718C5862F3594E20041E7E9 = {
						CreatedOnToolsVersion = 26.0.1;
					};
				};
			};
			buildConfigurationList = 4718C5822F3594E20041E7E9 /* Build configuration list for PBXProject "LearningUI" */;
			developmentRegion = en;
			hasScannedForEncodings = 0;
			knownRegions = (
				en,
				Base,
			);
			mainGroup = 4718C57E2F3594E20041E7E9;
			minimizedProjectReferenceProxies = 1;
			packageReferences = (
				476C07CB2F626AC700B743CD /* XCRemoteSwiftPackageReference "firebase-ios-sdk" */,
				4737EAEF2F626EB9007AAA72 /* XCRemoteSwiftPackageReference "generative-ai-swift" */,
			);
			preferredProjectObjectVersion = 77;
			productRefGroup = 4718C5882F3594E20041E7E9 /* Products */;
			projectDirPath = "";
			projectRoot = "";
			targets = (
				4718C5862F3594E20041E7E9 /* LearningUI */,
				470C204B2F49A417004337BF /* LearningUITests */,
			);
		};
/* End PBXProject section */

/* Begin PBXResourcesBuildPhase section */
		470C204A2F49A417004337BF /* Resources */ = {
			isa = PBXResourcesBuildPhase;
			buildActionMask = 2147483647;
			files = (
			);
			runOnlyForDeploymentPostprocessing = 0;
		};
		4718C5852F3594E20041E7E9 /* Resources */ = {
			isa = PBXResourcesBuildPhase;
			buildActionMask = 2147483647;
			files = (
				4778A4C22F62A4F70097CCB1 /* Assets.xcassets in Resources */,
				4778A4C32F62A4F70097CCB1 /* GoogleService-Info.plist in Resources */,
				4778A4C42F62A4F70097CCB1 /* Secrets.plist in Resources */,
			);
			runOnlyForDeploymentPostprocessing = 0;
		};
/* End PBXResourcesBuildPhase section */

/* Begin PBXSourcesBuildPhase section */
		470C20482F49A417004337BF /* Sources */ = {
			isa = PBXSourcesBuildPhase;
			buildActionMask = 2147483647;
			files = (
			);
			runOnlyForDeploymentPostprocessing = 0;
		};
		4764D6832F461AE10046B5A5 /* Sources */ = {
			isa = PBXSourcesBuildPhase;
			buildActionMask = 2147483647;
			files = (
				4778A4D52F63FB680097CCB1 /* CameraManager.swift in Sources */,
				4764D6882F461B060046B5A5 /* QuizView.swift in Sources */,
				4778A4D62F63FB6B0097CCB1 /* CameraPreview.swift in Sources */,
				4764D6892F461B060046B5A5 /* QuizViewModel.swift in Sources */,
				4764D68A2F461B060046B5A5 /* Word.swift in Sources */,
				4764D68B2F461B060046B5A5 /* WordViewModel.swift in Sources */,
				4778A4BB2F62A4F70097CCB1 /* Bundle+Extension.swift in Sources */,
				4778A4EB2F68E1D60097CCB1 /* ARViewModel.swift in Sources */,
				4778A4BC2F62A4F70097CCB1 /* Constants.swift in Sources */,
				4778A4E82F67A1410097CCB1 /* LocationManager.swift in Sources */,
				4778A4D72F63FC160097CCB1 /* MainCameraView.swift in Sources */,
				47BCAE4E2F6103580003E3CB /* WordRepository.swift in Sources */,
			);
			runOnlyForDeploymentPostprocessing = 0;
		};
/* End PBXSourcesBuildPhase section */

/* Begin PBXTargetDependency section */
		470C20512F49A417004337BF /* PBXTargetDependency */ = {
			isa = PBXTargetDependency;
			target = 4718C5862F3594E20041E7E9 /* LearningUI */;
			targetProxy = 470C20502F49A417004337BF /* PBXContainerItemProxy */;
		};
/* End PBXTargetDependency section */

/* Begin XCBuildConfiguration section */
		470C20532F49A417004337BF /* Debug */ = {
			isa = XCBuildConfiguration;
			buildSettings = {
				BUNDLE_LOADER = "$(TEST_HOST)";
				CODE_SIGN_STYLE = Automatic;
				CURRENT_PROJECT_VERSION = 1;
				DEVELOPMENT_TEAM = P7UMP6PT5W;
				GENERATE_INFOPLIST_FILE = YES;
				MARKETING_VERSION = 1.0;
				PRODUCT_BUNDLE_IDENTIFIER = ChatPrototype.LearningUITests;
				PRODUCT_NAME = "$(TARGET_NAME)";
				STRING_CATALOG_GENERATE_SYMBOLS = NO;
				SWIFT_APPROACHABLE_CONCURRENCY = YES;
				SWIFT_EMIT_LOC_STRINGS = NO;
				SWIFT_UPCOMING_FEATURE_MEMBER_IMPORT_VISIBILITY = YES;
				SWIFT_VERSION = 5.0;
				TARGETED_DEVICE_FAMILY = "1,2";
				TEST_HOST = "$(BUILT_PRODUCTS_DIR)/LearningUI.app/$(BUNDLE_EXECUTABLE_FOLDER_PATH)/LearningUI";
			};
			name = Debug;
		};
		470C20542F49A417004337BF /* Release */ = {
			isa = XCBuildConfiguration;
			buildSettings = {
				BUNDLE_LOADER = "$(TEST_HOST)";
				CODE_SIGN_STYLE = Automatic;
				CURRENT_PROJECT_VERSION = 1;
				DEVELOPMENT_TEAM = P7UMP6PT5W;
				GENERATE_INFOPLIST_FILE = YES;
				MARKETING_VERSION = 1.0;
				PRODUCT_BUNDLE_IDENTIFIER = ChatPrototype.LearningUITests;
				PRODUCT_NAME = "$(TARGET_NAME)";
				STRING_CATALOG_GENERATE_SYMBOLS = NO;
				SWIFT_APPROACHABLE_CONCURRENCY = YES;
				SWIFT_EMIT_LOC_STRINGS = NO;
				SWIFT_UPCOMING_FEATURE_MEMBER_IMPORT_VISIBILITY = YES;
				SWIFT_VERSION = 5.0;
				TARGETED_DEVICE_FAMILY = "1,2";
				TEST_HOST = "$(BUILT_PRODUCTS_DIR)/LearningUI.app/$(BUNDLE_EXECUTABLE_FOLDER_PATH)/LearningUI";
			};
			name = Release;
		};
		4718C5902F3594E30041E7E9 /* Debug */ = {
			isa = XCBuildConfiguration;
			buildSettings = {
				ALWAYS_SEARCH_USER_PATHS = NO;
				ASSETCATALOG_COMPILER_GENERATE_SWIFT_ASSET_SYMBOL_EXTENSIONS = YES;
				CLANG_ANALYZER_NONNULL = YES;
				CLANG_ANALYZER_NUMBER_OBJECT_CONVERSION = YES_AGGRESSIVE;
				CLANG_CXX_LANGUAGE_STANDARD = "gnu++20";
				CLANG_ENABLE_MODULES = YES;
				CLANG_ENABLE_OBJC_ARC = YES;
				CLANG_ENABLE_OBJC_WEAK = YES;
				CLANG_WARN_BLOCK_CAPTURE_AUTORELEASING = YES;
				CLANG_WARN_BOOL_CONVERSION = YES;
				CLANG_WARN_COMMA = YES;
				CLANG_WARN_CONSTANT_CONVERSION = YES;
				CLANG_WARN_DEPRECATED_OBJC_IMPLEMENTATIONS = YES;
				CLANG_WARN_DIRECT_OBJC_ISA_USAGE = YES_ERROR;
				CLANG_WARN_DOCUMENTATION_COMMENTS = YES;
				CLANG_WARN_EMPTY_BODY = YES;
				CLANG_WARN_ENUM_CONVERSION = YES;
				CLANG_WARN_INFINITE_RECURSION = YES;
				CLANG_WARN_INT_CONVERSION = YES;
				CLANG_WARN_NON_LITERAL_NULL_CONVERSION = YES;
				CLANG_WARN_OBJC_IMPLICIT_RETAIN_SELF = YES;
				CLANG_WARN_OBJC_LITERAL_CONVERSION = YES;
				CLANG_WARN_OBJC_ROOT_CLASS = YES_ERROR;
				CLANG_WARN_QUOTED_INCLUDE_IN_FRAMEWORK_HEADER = YES;
				CLANG_WARN_RANGE_LOOP_ANALYSIS = YES;
				CLANG_WARN_STRICT_PROTOTYPES = YES;
				CLANG_WARN_SUSPICIOUS_MOVE = YES;
				CLANG_WARN_UNGUARDED_AVAILABILITY = YES_AGGRESSIVE;
				CLANG_WARN_UNREACHABLE_CODE = YES;
				CLANG_WARN__DUPLICATE_METHOD_MATCH = YES;
				COPY_PHASE_STRIP = NO;
				DEBUG_INFORMATION_FORMAT = dwarf;
				ENABLE_STRICT_OBJC_MSGSEND = YES;
				ENABLE_TESTABILITY = YES;
				ENABLE_USER_SCRIPT_SANDBOXING = YES;
				GCC_C_LANGUAGE_STANDARD = gnu17;
				GCC_DYNAMIC_NO_PIC = NO;
				GCC_NO_COMMON_BLOCKS = YES;
				GCC_OPTIMIZATION_LEVEL = 0;
				GCC_PREPROCESSOR_DEFINITIONS = (
					"DEBUG=1",
					"$(inherited)",
				);
				GCC_WARN_64_TO_32_BIT_CONVERSION = YES;
				GCC_WARN_ABOUT_RETURN_TYPE = YES_ERROR;
				GCC_WARN_UNDECLARED_SELECTOR = YES;
				GCC_WARN_UNINITIALIZED_AUTOS = YES_AGGRESSIVE;
				GCC_WARN_UNUSED_FUNCTION = YES;
				GCC_WARN_UNUSED_VARIABLE = YES;
				IPHONEOS_DEPLOYMENT_TARGET = 26.0;
				LOCALIZATION_PREFERS_STRING_CATALOGS = YES;
				MTL_ENABLE_DEBUG_INFO = INCLUDE_SOURCE;
				MTL_FAST_MATH = YES;
				ONLY_ACTIVE_ARCH = YES;
				SDKROOT = iphoneos;
				SWIFT_ACTIVE_COMPILATION_CONDITIONS = "DEBUG $(inherited)";
				SWIFT_OPTIMIZATION_LEVEL = "-Onone";
			};
			name = Debug;
		};
		4718C5912F3594E30041E7E9 /* Release */ = {
			isa = XCBuildConfiguration;
			buildSettings = {
				ALWAYS_SEARCH_USER_PATHS = NO;
				ASSETCATALOG_COMPILER_GENERATE_SWIFT_ASSET_SYMBOL_EXTENSIONS = YES;
				CLANG_ANALYZER_NONNULL = YES;
				CLANG_ANALYZER_NUMBER_OBJECT_CONVERSION = YES_AGGRESSIVE;
				CLANG_CXX_LANGUAGE_STANDARD = "gnu++20";
				CLANG_ENABLE_MODULES = YES;
				CLANG_ENABLE_OBJC_ARC = YES;
				CLANG_ENABLE_OBJC_WEAK = YES;
				CLANG_WARN_BLOCK_CAPTURE_AUTORELEASING = YES;
				CLANG_WARN_BOOL_CONVERSION = YES;
				CLANG_WARN_COMMA = YES;
				CLANG_WARN_CONSTANT_CONVERSION = YES;
				CLANG_WARN_DEPRECATED_OBJC_IMPLEMENTATIONS = YES;
				CLANG_WARN_DIRECT_OBJC_ISA_USAGE = YES_ERROR;
				CLANG_WARN_DOCUMENTATION_COMMENTS = YES;
				CLANG_WARN_EMPTY_BODY = YES;
				CLANG_WARN_ENUM_CONVERSION = YES;
				CLANG_WARN_INFINITE_RECURSION = YES;
				CLANG_WARN_INT_CONVERSION = YES;
				CLANG_WARN_NON_LITERAL_NULL_CONVERSION = YES;
				CLANG_WARN_OBJC_IMPLICIT_RETAIN_SELF = YES;
				CLANG_WARN_OBJC_LITERAL_CONVERSION = YES;
				CLANG_WARN_OBJC_ROOT_CLASS = YES_ERROR;
				CLANG_WARN_QUOTED_INCLUDE_IN_FRAMEWORK_HEADER = YES;
				CLANG_WARN_RANGE_LOOP_ANALYSIS = YES;
				CLANG_WARN_STRICT_PROTOTYPES = YES;
				CLANG_WARN_SUSPICIOUS_MOVE = YES;
				CLANG_WARN_UNGUARDED_AVAILABILITY = YES_AGGRESSIVE;
				CLANG_WARN_UNREACHABLE_CODE = YES;
				CLANG_WARN__DUPLICATE_METHOD_MATCH = YES;
				COPY_PHASE_STRIP = NO;
				DEBUG_INFORMATION_FORMAT = "dwarf-with-dsym";
				ENABLE_NS_ASSERTIONS = NO;
				ENABLE_STRICT_OBJC_MSGSEND = YES;
				ENABLE_USER_SCRIPT_SANDBOXING = YES;
				GCC_C_LANGUAGE_STANDARD = gnu17;
				GCC_NO_COMMON_BLOCKS = YES;
				GCC_WARN_64_TO_32_BIT_CONVERSION = YES;
				GCC_WARN_ABOUT_RETURN_TYPE = YES_ERROR;
				GCC_WARN_UNDECLARED_SELECTOR = YES;
				GCC_WARN_UNINITIALIZED_AUTOS = YES_AGGRESSIVE;
				GCC_WARN_UNUSED_FUNCTION = YES;
				GCC_WARN_UNUSED_VARIABLE = YES;
				IPHONEOS_DEPLOYMENT_TARGET = 26.0;
				LOCALIZATION_PREFERS_STRING_CATALOGS = YES;
				MTL_ENABLE_DEBUG_INFO = NO;
				MTL_FAST_MATH = YES;
				SDKROOT = iphoneos;
				SWIFT_COMPILATION_MODE = wholemodule;
				VALIDATE_PRODUCT = YES;
			};
			name = Release;
		};
		4718C5932F3594E30041E7E9 /* Debug */ = {
			isa = XCBuildConfiguration;
			buildSettings = {
				ASSETCATALOG_COMPILER_APPICON_NAME = AppIcon;
				ASSETCATALOG_COMPILER_GLOBAL_ACCENT_COLOR_NAME = AccentColor;
				CODE_SIGN_STYLE = Automatic;
				CURRENT_PROJECT_VERSION = 1;
				DEVELOPMENT_TEAM = P7UMP6PT5W;
				ENABLE_PREVIEWS = YES;
				GENERATE_INFOPLIST_FILE = YES;
				INFOPLIST_KEY_NSCameraUsageDescription = "눈앞의 사물을 스캔하여 단어를 생성하기 위해 카메라 권한이 필요합니다.";
				INFOPLIST_KEY_NSLocationWhenInUseUsageDescription = "현재 위치(예: 카페, 도서관)에 맞는 맞춤형 단어를 제공하기 위해 GPS 정보가 필요합니다.";
				INFOPLIST_KEY_UIApplicationSceneManifest_Generation = YES;
				INFOPLIST_KEY_UIApplicationSupportsIndirectInputEvents = YES;
				INFOPLIST_KEY_UILaunchScreen_Generation = YES;
				INFOPLIST_KEY_UISupportedInterfaceOrientations_iPad = "UIInterfaceOrientationPortrait UIInterfaceOrientationPortraitUpsideDown UIInterfaceOrientationLandscapeLeft UIInterfaceOrientationLandscapeRight";
				INFOPLIST_KEY_UISupportedInterfaceOrientations_iPhone = "UIInterfaceOrientationPortrait UIInterfaceOrientationLandscapeLeft UIInterfaceOrientationLandscapeRight";
				LD_RUNPATH_SEARCH_PATHS = (
					"$(inherited)",
					"@executable_path/Frameworks",
				);
				MARKETING_VERSION = 1.0;
				PRODUCT_BUNDLE_IDENTIFIER = ChatPrototype.LearningUIV3;
				PRODUCT_NAME = "$(TARGET_NAME)";
				STRING_CATALOG_GENERATE_SYMBOLS = YES;
				SWIFT_APPROACHABLE_CONCURRENCY = YES;
				SWIFT_DEFAULT_ACTOR_ISOLATION = MainActor;
				SWIFT_EMIT_LOC_STRINGS = YES;
				SWIFT_UPCOMING_FEATURE_MEMBER_IMPORT_VISIBILITY = YES;
				SWIFT_VERSION = 5.0;
				TARGETED_DEVICE_FAMILY = "1,2";
			};
			name = Debug;
		};
		4718C5942F3594E30041E7E9 /* Release */ = {
			isa = XCBuildConfiguration;
			buildSettings = {
				ASSETCATALOG_COMPILER_APPICON_NAME = AppIcon;
				ASSETCATALOG_COMPILER_GLOBAL_ACCENT_COLOR_NAME = AccentColor;
				CODE_SIGN_STYLE = Automatic;
				CURRENT_PROJECT_VERSION = 1;
				DEVELOPMENT_TEAM = P7UMP6PT5W;
				ENABLE_PREVIEWS = YES;
				GENERATE_INFOPLIST_FILE = YES;
				INFOPLIST_KEY_NSCameraUsageDescription = "눈앞의 사물을 스캔하여 단어를 생성하기 위해 카메라 권한이 필요합니다.";
				INFOPLIST_KEY_NSLocationWhenInUseUsageDescription = "현재 위치(예: 카페, 도서관)에 맞는 맞춤형 단어를 제공하기 위해 GPS 정보가 필요합니다.";
				INFOPLIST_KEY_UIApplicationSceneManifest_Generation = YES;
				INFOPLIST_KEY_UIApplicationSupportsIndirectInputEvents = YES;
				INFOPLIST_KEY_UILaunchScreen_Generation = YES;
				INFOPLIST_KEY_UISupportedInterfaceOrientations_iPad = "UIInterfaceOrientationPortrait UIInterfaceOrientationPortraitUpsideDown UIInterfaceOrientationLandscapeLeft UIInterfaceOrientationLandscapeRight";
				INFOPLIST_KEY_UISupportedInterfaceOrientations_iPhone = "UIInterfaceOrientationPortrait UIInterfaceOrientationLandscapeLeft UIInterfaceOrientationLandscapeRight";
				LD_RUNPATH_SEARCH_PATHS = (
					"$(inherited)",
					"@executable_path/Frameworks",
				);
				MARKETING_VERSION = 1.0;
				PRODUCT_BUNDLE_IDENTIFIER = ChatPrototype.LearningUIV3;
				PRODUCT_NAME = "$(TARGET_NAME)";
				STRING_CATALOG_GENERATE_SYMBOLS = YES;
				SWIFT_APPROACHABLE_CONCURRENCY = YES;
				SWIFT_DEFAULT_ACTOR_ISOLATION = MainActor;
				SWIFT_EMIT_LOC_STRINGS = YES;
				SWIFT_UPCOMING_FEATURE_MEMBER_IMPORT_VISIBILITY = YES;
				SWIFT_VERSION = 5.0;
				TARGETED_DEVICE_FAMILY = "1,2";
			};
			name = Release;
		};
/* End XCBuildConfiguration section */

/* Begin XCConfigurationList section */
		470C20522F49A417004337BF /* Build configuration list for PBXNativeTarget "LearningUITests" */ = {
			isa = XCConfigurationList;
			buildConfigurations = (
				470C20532F49A417004337BF /* Debug */,
				470C20542F49A417004337BF /* Release */,
			);
			defaultConfigurationIsVisible = 0;
			defaultConfigurationName = Release;
		};
		4718C5822F3594E20041E7E9 /* Build configuration list for PBXProject "LearningUI" */ = {
			isa = XCConfigurationList;
			buildConfigurations = (
				4718C5902F3594E30041E7E9 /* Debug */,
				4718C5912F3594E30041E7E9 /* Release */,
			);
			defaultConfigurationIsVisible = 0;
			defaultConfigurationName = Release;
		};
		4718C5922F3594E30041E7E9 /* Build configuration list for PBXNativeTarget "LearningUI" */ = {
			isa = XCConfigurationList;
			buildConfigurations = (
				4718C5932F3594E30041E7E9 /* Debug */,
				4718C5942F3594E30041E7E9 /* Release */,
			);
			defaultConfigurationIsVisible = 0;
			defaultConfigurationName = Release;
		};
/* End XCConfigurationList section */

/* Begin XCRemoteSwiftPackageReference section */
		4737EAEF2F626EB9007AAA72 /* XCRemoteSwiftPackageReference "generative-ai-swift" */ = {
			isa = XCRemoteSwiftPackageReference;
			repositoryURL = "https://github.com/google/generative-ai-swift";
			requirement = {
				kind = upToNextMajorVersion;
				minimumVersion = 0.5.6;
			};
		};
		476C07CB2F626AC700B743CD /* XCRemoteSwiftPackageReference "firebase-ios-sdk" */ = {
			isa = XCRemoteSwiftPackageReference;
			repositoryURL = "https://github.com/firebase/firebase-ios-sdk";
			requirement = {
				kind = upToNextMajorVersion;
				minimumVersion = 12.10.0;
			};
		};
/* End XCRemoteSwiftPackageReference section */

/* Begin XCSwiftPackageProductDependency section */
		4737EAF02F626EB9007AAA72 /* GoogleGenerativeAI */ = {
			isa = XCSwiftPackageProductDependency;
			package = 4737EAEF2F626EB9007AAA72 /* XCRemoteSwiftPackageReference "generative-ai-swift" */;
			productName = GoogleGenerativeAI;
		};
		476C07CC2F626AC700B743CD /* FirebaseFirestore */ = {
			isa = XCSwiftPackageProductDependency;
			package = 476C07CB2F626AC700B743CD /* XCRemoteSwiftPackageReference "firebase-ios-sdk" */;
			productName = FirebaseFirestore;
		};
/* End XCSwiftPackageProductDependency section */
	};
	rootObject = 4718C57F2F3594E20041E7E9 /* Project object */;
}
